
Microsoft Visual Studio Solution File, Format Version 12.00
# Visual Studio 15
VisualStudioVersion = 15.0.27130.2027
MinimumVisualStudioVersion = 10.0.40219.1
Project("{FAE04EC0-301F-11D3-BF4B-00C04F79EFBC}") = "YarFrameworkConsoleSample", "YarFrameworkConsoleSample\YarFrameworkConsoleSample.csproj", "{F6657EE9-52D7-406B-90BF-EBC6FB6EBE52}"
EndProject
Global
	GlobalSection(SolutionConfigurationPlatforms) = preSolution
		Debug|Any CPU = Debug|Any CPU
		Release|Any CPU = Release|Any CPU
	EndGlobalSection
	GlobalSection(ProjectConfigurationPlatforms) = postSolution
		{F6657EE9-52D7-406B-90BF-EBC6FB6EBE52}.Debug|Any CPU.ActiveCfg = Debug|Any CPU
		{F6657EE9-52D7-406B-90BF-EBC6FB6EBE52}.Debug|Any CPU.Build.0 = Debug|Any CPU
		{F6657EE9-52D7-406B-90BF-EBC6FB6EBE52}.Release|Any CPU.ActiveCfg = Release|Any CPU
		{F6657EE9-52D7-406B-90BF-EBC6FB6EBE52}.Release|Any CPU.Build.0 = Release|Any CPU
	EndGlobalSection
	GlobalSection(SolutionProperties) = preSolution
		HideSolutionNode = FALSE
	EndGlobalSection
	GlobalSection(ExtensibilityGlobals) = postSolution
		SolutionGuid = {8BD7F836-8A4E-4180-912C-0C2F23F999D2}
	EndGlobalSection
EndGlobal
